
Microsoft Visual Studio Solution File, Format Version 12.00
# Visual Studio Version 16
VisualStudioVersion = 16.0.30225.117
MinimumVisualStudioVersion = 10.0.40219.1
Project("{9A19103F-16F7-4668-BE54-9A1E7A4F7556}") = "RosettaCTF.API", "src\RosettaCTF.API\RosettaCTF.API.csproj", "{A00D876F-E1FA-4B24-87FF-17CD0034E18A}"
EndProject
Project("{2150E333-8FDC-42A3-9474-1A3956D46DE8}") = "src", "src", "{5196EBA1-008A-445A-B0DC-302827C2E7AB}"
	ProjectSection(SolutionItems) = preProject
		src\RosettaCTF.Common.targets = src\RosettaCTF.Common.targets
	EndProjectSection
EndProject
Project("{2150E333-8FDC-42A3-9474-1A3956D46DE8}") = "RosettaCTF.UI", "RosettaCTF.UI", "{16553FC1-8EB9-43BB-AAF4-BECF8F453331}"
EndProject
Project("{2150E333-8FDC-42A3-9474-1A3956D46DE8}") = "meta", "meta", "{F014F57A-68AE-4F86-BF34-0FC23B45429C}"
	ProjectSection(SolutionItems) = preProject
		LICENSE.TXT = LICENSE.TXT
		NOTICE.TXT = NOTICE.TXT
		README.MD = README.MD
		SETUP-IIS.MD = SETUP-IIS.MD
	EndProjectSection
EndProject
Project("{9A19103F-16F7-4668-BE54-9A1E7A4F7556}") = "RosettaCTF.Abstractions", "src\RosettaCTF.Abstractions\RosettaCTF.Abstractions.csproj", "{5E4779E7-3A7A-4C95-83EA-D7B90CE5D085}"
EndProject
Project("{9A19103F-16F7-4668-BE54-9A1E7A4F7556}") = "RosettaCTF.ChallengeLoader.Yaml", "src\challenge\RosettaCTF.ChallengeLoader.Yaml\RosettaCTF.ChallengeLoader.Yaml.csproj", "{17A836A6-D481-4992-8AD8-53AFF29110B4}"
EndProject
Project("{2150E333-8FDC-42A3-9474-1A3956D46DE8}") = "challenge", "challenge", "{49D21669-6EA0-4A70-AB12-6FA316FBB3E1}"
EndProject
Project("{2150E333-8FDC-42A3-9474-1A3956D46DE8}") = "database", "database", "{70E066FF-FFE5-4B98-859B-7B39C9AB7BCD}"
EndProject
Project("{2150E333-8FDC-42A3-9474-1A3956D46DE8}") = "cache", "cache", "{5A0B4659-991C-43D5-BD45-92283FA84D39}"
EndProject
Project("{9A19103F-16F7-4668-BE54-9A1E7A4F7556}") = "RosettaCTF.Database.PostgreSQL", "src\database\RosettaCTF.Database.PostgreSQL\RosettaCTF.Database.PostgreSQL.csproj", "{885E0936-19DE-47CD-AF96-A34015F310C1}"
EndProject
Project("{9A19103F-16F7-4668-BE54-9A1E7A4F7556}") = "RosettaCTF.Cache.Redis", "src\cache\RosettaCTF.Cache.Redis\RosettaCTF.Cache.Redis.csproj", "{E5B063B6-BE3E-4B83-8168-CE062598DC5A}"
EndProject
Project("{2150E333-8FDC-42A3-9474-1A3956D46DE8}") = "example-configs", "example-configs", "{E958165C-F77D-495D-9CC6-5F1F165CE94C}"
	ProjectSection(SolutionItems) = preProject
		config.json.example = config.json.example
		event.yml.example = event.yml.example
	EndProjectSection
EndProject
Project("{2150E333-8FDC-42A3-9474-1A3956D46DE8}") = "github", "github", "{4C03E8D8-3BE3-4B5D-8927-0FF103765F32}"
	ProjectSection(SolutionItems) = preProject
		.github\FUNDING.yml = .github\FUNDING.yml
	EndProjectSection
EndProject
Project("{2150E333-8FDC-42A3-9474-1A3956D46DE8}") = "oauth", "oauth", "{44F7E246-3993-4EC6-84D8-6E155874399C}"
EndProject
Project("{FAE04EC0-301F-11D3-BF4B-00C04F79EFBC}") = "RosettaCTF.OAuth.Discord", "src\oauth\RosettaCTF.OAuth.Discord\RosettaCTF.OAuth.Discord.csproj", "{FE9C9749-D71D-4D81-BF9B-75B066185FDA}"
EndProject
Global
	GlobalSection(SolutionConfigurationPlatforms) = preSolution
		Debug|Any CPU = Debug|Any CPU
		Release|Any CPU = Release|Any CPU
	EndGlobalSection
	GlobalSection(ProjectConfigurationPlatforms) = postSolution
		{A00D876F-E1FA-4B24-87FF-17CD0034E18A}.Debug|Any CPU.ActiveCfg = Debug|Any CPU
		{A00D876F-E1FA-4B24-87FF-17CD0034E18A}.Debug|Any CPU.Build.0 = Debug|Any CPU
		{A00D876F-E1FA-4B24-87FF-17CD0034E18A}.Release|Any CPU.ActiveCfg = Release|Any CPU
		{A00D876F-E1FA-4B24-87FF-17CD0034E18A}.Release|Any CPU.Build.0 = Release|Any CPU
		{5E4779E7-3A7A-4C95-83EA-D7B90CE5D085}.Debug|Any CPU.ActiveCfg = Debug|Any CPU
		{5E4779E7-3A7A-4C95-83EA-D7B90CE5D085}.Debug|Any CPU.Build.0 = Debug|Any CPU
		{5E4779E7-3A7A-4C95-83EA-D7B90CE5D085}.Release|Any CPU.ActiveCfg = Release|Any CPU
		{5E4779E7-3A7A-4C95-83EA-D7B90CE5D085}.Release|Any CPU.Build.0 = Release|Any CPU
		{17A836A6-D481-4992-8AD8-53AFF29110B4}.Debug|Any CPU.ActiveCfg = Debug|Any CPU
		{17A836A6-D481-4992-8AD8-53AFF29110B4}.Debug|Any CPU.Build.0 = Debug|Any CPU
		{17A836A6-D481-4992-8AD8-53AFF29110B4}.Release|Any CPU.ActiveCfg = Release|Any CPU
		{17A836A6-D481-4992-8AD8-53AFF29110B4}.Release|Any CPU.Build.0 = Release|Any CPU
		{885E0936-19DE-47CD-AF96-A34015F310C1}.Debug|Any CPU.ActiveCfg = Debug|Any CPU
		{885E0936-19DE-47CD-AF96-A34015F310C1}.Debug|Any CPU.Build.0 = Debug|Any CPU
		{885E0936-19DE-47CD-AF96-A34015F310C1}.Release|Any CPU.ActiveCfg = Release|Any CPU
		{885E0936-19DE-47CD-AF96-A34015F310C1}.Release|Any CPU.Build.0 = Release|Any CPU
		{E5B063B6-BE3E-4B83-8168-CE062598DC5A}.Debug|Any CPU.ActiveCfg = Debug|Any CPU
		{E5B063B6-BE3E-4B83-8168-CE062598DC5A}.Debug|Any CPU.Build.0 = Debug|Any CPU
		{E5B063B6-BE3E-4B83-8168-CE062598DC5A}.Release|Any CPU.ActiveCfg = Release|Any CPU
		{E5B063B6-BE3E-4B83-8168-CE062598DC5A}.Release|Any CPU.Build.0 = Release|Any CPU
		{FE9C9749-D71D-4D81-BF9B-75B066185FDA}.Debug|Any CPU.ActiveCfg = Debug|Any CPU
		{FE9C9749-D71D-4D81-BF9B-75B066185FDA}.Debug|Any CPU.Build.0 = Debug|Any CPU
		{FE9C9749-D71D-4D81-BF9B-75B066185FDA}.Release|Any CPU.ActiveCfg = Release|Any CPU
		{FE9C9749-D71D-4D81-BF9B-75B066185FDA}.Release|Any CPU.Build.0 = Release|Any CPU
	EndGlobalSection
	GlobalSection(SolutionProperties) = preSolution
		HideSolutionNode = FALSE
	EndGlobalSection
	GlobalSection(NestedProjects) = preSolution
		{A00D876F-E1FA-4B24-87FF-17CD0034E18A} = {5196EBA1-008A-445A-B0DC-302827C2E7AB}
		{16553FC1-8EB9-43BB-AAF4-BECF8F453331} = {5196EBA1-008A-445A-B0DC-302827C2E7AB}
		{5E4779E7-3A7A-4C95-83EA-D7B90CE5D085} = {5196EBA1-008A-445A-B0DC-302827C2E7AB}
		{17A836A6-D481-4992-8AD8-53AFF29110B4} = {49D21669-6EA0-4A70-AB12-6FA316FBB3E1}
		{49D21669-6EA0-4A70-AB12-6FA316FBB3E1} = {5196EBA1-008A-445A-B0DC-302827C2E7AB}
		{70E066FF-FFE5-4B98-859B-7B39C9AB7BCD} = {5196EBA1-008A-445A-B0DC-302827C2E7AB}
		{5A0B4659-991C-43D5-BD45-92283FA84D39} = {5196EBA1-008A-445A-B0DC-302827C2E7AB}
		{885E0936-19DE-47CD-AF96-A34015F310C1} = {70E066FF-FFE5-4B98-859B-7B39C9AB7BCD}
		{E5B063B6-BE3E-4B83-8168-CE062598DC5A} = {5A0B4659-991C-43D5-BD45-92283FA84D39}
		{E958165C-F77D-495D-9CC6-5F1F165CE94C} = {F014F57A-68AE-4F86-BF34-0FC23B45429C}
		{4C03E8D8-3BE3-4B5D-8927-0FF103765F32} = {F014F57A-68AE-4F86-BF34-0FC23B45429C}
		{44F7E246-3993-4EC6-84D8-6E155874399C} = {5196EBA1-008A-445A-B0DC-302827C2E7AB}
		{FE9C9749-D71D-4D81-BF9B-75B066185FDA} = {44F7E246-3993-4EC6-84D8-6E155874399C}
	EndGlobalSection
	GlobalSection(ExtensibilityGlobals) = postSolution
		SolutionGuid = {CB1F14CB-3FFE-4D9E-B9C4-D24C26CE6A52}
	EndGlobalSection
EndGlobal
